{
  "sources": {
    "nagios": {
      "path": "."
    },
    "apache2": {
      "locked_version": "1.9.6"
    },
    "iptables": {
      "locked_version": "0.12.0"
    },
    "logrotate": {
      "locked_version": "1.5.0"
    },
    "pacman": {
      "locked_version": "1.1.1"
    },
    "build-essential": {
      "locked_version": "2.0.0"
    },
    "php": {
      "locked_version": "1.4.4"
    },
    "xml": {
      "locked_version": "1.2.2"
    },
    "mysql": {
      "locked_version": "4.1.2"
    },
    "openssl": {
      "locked_version": "1.1.0"
    },
    "homebrew": {
      "locked_version": "1.5.4"
    },
    "windows": {
      "locked_version": "1.30.0"
    },
    "chef_handler": {
      "locked_version": "1.1.5"
    },
    "yum-epel": {
      "locked_version": "0.3.4"
    },
    "yum": {
      "locked_version": "3.1.4"
    },
    "iis": {
      "locked_version": "2.1.0"
    },
    "nginx": {
      "locked_version": "2.4.4"
    },
    "apt": {
      "locked_version": "2.3.8"
    },
    "bluepill": {
      "locked_version": "2.3.1"
    },
    "rsyslog": {
      "locked_version": "1.12.2"
    },
    "ohai": {
      "locked_version": "1.1.12"
    },
    "runit": {
      "locked_version": "1.5.10"
    },
    "nginx_simplecgi": {
      "locked_version": "0.1.0"
    },
    "perl": {
      "locked_version": "1.2.2"
    }
  }
}
